
Microsoft Visual Studio Solution File, Format Version 12.00
# Visual Studio Version 16
VisualStudioVersion = 16.0.30413.136
MinimumVisualStudioVersion = 10.0.40219.1
Project("{9A19103F-16F7-4668-BE54-9A1E7A4F7556}") = "Tienda.Distribucion.Domain", "Tienda.Domain\Tienda.Distribucion.Domain.csproj", "{F2A5EFB1-6EEB-4CEB-A624-2CC5F220EEF2}"
EndProject
Project("{9A19103F-16F7-4668-BE54-9A1E7A4F7556}") = "Tienda.SharedKernel", "Tienda.SharedKernel\Tienda.SharedKernel.csproj", "{42D889A8-FEDD-43B1-BF14-4B54101ADCE2}"
EndProject
Project("{9A19103F-16F7-4668-BE54-9A1E7A4F7556}") = "Tienda.Distribucion.Infraestructura", "Tienda.Distribucion.Infraestructura\Tienda.Distribucion.Infraestructura.csproj", "{C00709BB-4346-45B3-B4E4-3C1ACE3156BF}"
EndProject
Project("{9A19103F-16F7-4668-BE54-9A1E7A4F7556}") = "Tienda.Distribucion.WebApp", "Tienda.WebApp\Tienda.Distribucion.WebApp.csproj", "{DA19557E-9DA1-481B-AC56-ED4D106DE428}"
EndProject
Project("{9A19103F-16F7-4668-BE54-9A1E7A4F7556}") = "Tienda.Distribucion.Applicacion", "Tienda.Distribucion.Applicacion\Tienda.Distribucion.Applicacion.csproj", "{A0D5ABF6-8029-446D-873D-343110C1D4A0}"
EndProject
Global
	GlobalSection(SolutionConfigurationPlatforms) = preSolution
		Debug|Any CPU = Debug|Any CPU
		Release|Any CPU = Release|Any CPU
	EndGlobalSection
	GlobalSection(ProjectConfigurationPlatforms) = postSolution
		{F2A5EFB1-6EEB-4CEB-A624-2CC5F220EEF2}.Debug|Any CPU.ActiveCfg = Debug|Any CPU
		{F2A5EFB1-6EEB-4CEB-A624-2CC5F220EEF2}.Debug|Any CPU.Build.0 = Debug|Any CPU
		{F2A5EFB1-6EEB-4CEB-A624-2CC5F220EEF2}.Release|Any CPU.ActiveCfg = Release|Any CPU
		{F2A5EFB1-6EEB-4CEB-A624-2CC5F220EEF2}.Release|Any CPU.Build.0 = Release|Any CPU
		{42D889A8-FEDD-43B1-BF14-4B54101ADCE2}.Debug|Any CPU.ActiveCfg = Debug|Any CPU
		{42D889A8-FEDD-43B1-BF14-4B54101ADCE2}.Debug|Any CPU.Build.0 = Debug|Any CPU
		{42D889A8-FEDD-43B1-BF14-4B54101ADCE2}.Release|Any CPU.ActiveCfg = Release|Any CPU
		{42D889A8-FEDD-43B1-BF14-4B54101ADCE2}.Release|Any CPU.Build.0 = Release|Any CPU
		{C00709BB-4346-45B3-B4E4-3C1ACE3156BF}.Debug|Any CPU.ActiveCfg = Debug|Any CPU
		{C00709BB-4346-45B3-B4E4-3C1ACE3156BF}.Debug|Any CPU.Build.0 = Debug|Any CPU
		{C00709BB-4346-45B3-B4E4-3C1ACE3156BF}.Release|Any CPU.ActiveCfg = Release|Any CPU
		{C00709BB-4346-45B3-B4E4-3C1ACE3156BF}.Release|Any CPU.Build.0 = Release|Any CPU
		{DA19557E-9DA1-481B-AC56-ED4D106DE428}.Debug|Any CPU.ActiveCfg = Debug|Any CPU
		{DA19557E-9DA1-481B-AC56-ED4D106DE428}.Debug|Any CPU.Build.0 = Debug|Any CPU
		{DA19557E-9DA1-481B-AC56-ED4D106DE428}.Release|Any CPU.ActiveCfg = Release|Any CPU
		{DA19557E-9DA1-481B-AC56-ED4D106DE428}.Release|Any CPU.Build.0 = Release|Any CPU
		{A0D5ABF6-8029-446D-873D-343110C1D4A0}.Debug|Any CPU.ActiveCfg = Debug|Any CPU
		{A0D5ABF6-8029-446D-873D-343110C1D4A0}.Debug|Any CPU.Build.0 = Debug|Any CPU
		{A0D5ABF6-8029-446D-873D-343110C1D4A0}.Release|Any CPU.ActiveCfg = Release|Any CPU
		{A0D5ABF6-8029-446D-873D-343110C1D4A0}.Release|Any CPU.Build.0 = Release|Any CPU
	EndGlobalSection
	GlobalSection(SolutionProperties) = preSolution
		HideSolutionNode = FALSE
	EndGlobalSection
	GlobalSection(ExtensibilityGlobals) = postSolution
		SolutionGuid = {B147ADF7-E245-4998-A7E8-F832FCA36112}
	EndGlobalSection
EndGlobal
